{
  "name": "a-love-letter-website",
  "version": "0.0.0",
  "lockfileVersion": 3,
  "requires": true,
  "packages": {
    "": {
      "name": "a-love-letter-website",
      "version": "0.0.0",
      "dependencies": {
        "@vitejs/plugin-react": "latest",
        "framer-motion": "latest",
        "lucide-react": "latest",
        "react": "latest",
        "react-dom": "latest",
        "vite": "latest"
      },
      "devDependencies": {}
    }
  }
}
